
Microsoft Visual Studio Solution File, Format Version 12.00
# Visual Studio 14
VisualStudioVersion = 14.0.24720.0
MinimumVisualStudioVersion = 10.0.40219.1
Project("{FAE04EC0-301F-11D3-BF4B-00C04F79EFBC}") = "Dandabu.AttendanceTracker", "Dandabu.AttendanceTracker\Dandabu.AttendanceTracker.csproj", "{70D2AF58-E4FA-4085-97D3-9EDA2A37941F}"
EndProject
Project("{2150E333-8FDC-42A3-9474-1A3956D46DE8}") = "PublishScripts", "PublishScripts", "{1148326C-22C5-4A06-982C-490207E3CEEF}"
EndProject
Project("{2150E333-8FDC-42A3-9474-1A3956D46DE8}") = "Scripts", "Scripts", "{06D8D393-1D88-4FE0-AB6E-794186945A4B}"
	ProjectSection(SolutionItems) = preProject
		PublishScripts\Scripts\Deploy-AzureResourceGroup.ps1 = PublishScripts\Scripts\Deploy-AzureResourceGroup.ps1
	EndProjectSection
EndProject
Project("{2150E333-8FDC-42A3-9474-1A3956D46DE8}") = "Templates", "Templates", "{E0F73F6E-84A9-4962-A26A-2C2A51CB6B97}"
	ProjectSection(SolutionItems) = preProject
		PublishScripts\Templates\DandabuAttendanceTracker.json = PublishScripts\Templates\DandabuAttendanceTracker.json
		PublishScripts\Templates\DandabuAttendanceTracker.param.dev.json = PublishScripts\Templates\DandabuAttendanceTracker.param.dev.json
	EndProjectSection
EndProject
Global
	GlobalSection(SolutionConfigurationPlatforms) = preSolution
		Debug|Any CPU = Debug|Any CPU
		Release|Any CPU = Release|Any CPU
	EndGlobalSection
	GlobalSection(ProjectConfigurationPlatforms) = postSolution
		{70D2AF58-E4FA-4085-97D3-9EDA2A37941F}.Debug|Any CPU.ActiveCfg = Debug|Any CPU
		{70D2AF58-E4FA-4085-97D3-9EDA2A37941F}.Debug|Any CPU.Build.0 = Debug|Any CPU
		{70D2AF58-E4FA-4085-97D3-9EDA2A37941F}.Release|Any CPU.ActiveCfg = Release|Any CPU
		{70D2AF58-E4FA-4085-97D3-9EDA2A37941F}.Release|Any CPU.Build.0 = Release|Any CPU
	EndGlobalSection
	GlobalSection(SolutionProperties) = preSolution
		HideSolutionNode = FALSE
	EndGlobalSection
	GlobalSection(NestedProjects) = preSolution
		{06D8D393-1D88-4FE0-AB6E-794186945A4B} = {1148326C-22C5-4A06-982C-490207E3CEEF}
		{E0F73F6E-84A9-4962-A26A-2C2A51CB6B97} = {1148326C-22C5-4A06-982C-490207E3CEEF}
	EndGlobalSection
EndGlobal
